
Microsoft Visual Studio Solution File, Format Version 12.00
# Visual Studio Version 17
VisualStudioVersion = 17.12.35527.113 d17.12
MinimumVisualStudioVersion = 10.0.40219.1
Project("{FAE04EC0-301F-11D3-BF4B-00C04F79EFBC}") = "MarvelSnapVariantReplacer", "MarvelSnapVariantReplacer\MarvelSnapVariantReplacer.csproj", "{B043DB4A-B268-49EA-98C5-75D45F83F8F1}"
EndProject
Project("{FAE04EC0-301F-11D3-BF4B-00C04F79EFBC}") = "MarvelSnapVariantHook", "MarvelSnapVariantHook\MarvelSnapVariantHook.csproj", "{E5721AC0-3C9F-4CC6-97A1-985CCBEFEE9B}"
EndProject
Global
	GlobalSection(SolutionConfigurationPlatforms) = preSolution
		Debug|Any CPU = Debug|Any CPU
		Release|Any CPU = Release|Any CPU
	EndGlobalSection
	GlobalSection(ProjectConfigurationPlatforms) = postSolution
		{B043DB4A-B268-49EA-98C5-75D45F83F8F1}.Debug|Any CPU.ActiveCfg = Debug|Any CPU
		{B043DB4A-B268-49EA-98C5-75D45F83F8F1}.Debug|Any CPU.Build.0 = Debug|Any CPU
		{B043DB4A-B268-49EA-98C5-75D45F83F8F1}.Release|Any CPU.ActiveCfg = Release|Any CPU
		{B043DB4A-B268-49EA-98C5-75D45F83F8F1}.Release|Any CPU.Build.0 = Release|Any CPU
		{E5721AC0-3C9F-4CC6-97A1-985CCBEFEE9B}.Debug|Any CPU.ActiveCfg = Release|Any CPU
		{E5721AC0-3C9F-4CC6-97A1-985CCBEFEE9B}.Debug|Any CPU.Build.0 = Release|Any CPU
		{E5721AC0-3C9F-4CC6-97A1-985CCBEFEE9B}.Release|Any CPU.ActiveCfg = Release|Any CPU
		{E5721AC0-3C9F-4CC6-97A1-985CCBEFEE9B}.Release|Any CPU.Build.0 = Release|Any CPU
	EndGlobalSection
	GlobalSection(SolutionProperties) = preSolution
		HideSolutionNode = FALSE
	EndGlobalSection
EndGlobal
